
Microsoft Visual Studio Solution File, Format Version 12.00
# Visual Studio 14
VisualStudioVersion = 14.0.25420.1
MinimumVisualStudioVersion = 10.0.40219.1
Project("{FAE04EC0-301F-11D3-BF4B-00C04F79EFBC}") = "winDB1", "winDB1\winDB1.csproj", "{792ECFB4-8809-4047-B1AA-DEEABCB22C08}"
EndProject
Project("{FAE04EC0-301F-11D3-BF4B-00C04F79EFBC}") = "winDB2", "winDB2\winDB2.csproj", "{C9123A04-DFB3-472F-8243-F5D9850A33E0}"
EndProject
Project("{FAE04EC0-301F-11D3-BF4B-00C04F79EFBC}") = "winDB3", "winDB3\winDB3.csproj", "{5D475E78-2BC7-48C9-A3EF-EBDBAFA93211}"
EndProject
Global
	GlobalSection(SolutionConfigurationPlatforms) = preSolution
		Debug|Any CPU = Debug|Any CPU
		Release|Any CPU = Release|Any CPU
	EndGlobalSection
	GlobalSection(ProjectConfigurationPlatforms) = postSolution
		{792ECFB4-8809-4047-B1AA-DEEABCB22C08}.Debug|Any CPU.ActiveCfg = Debug|Any CPU
		{792ECFB4-8809-4047-B1AA-DEEABCB22C08}.Debug|Any CPU.Build.0 = Debug|Any CPU
		{792ECFB4-8809-4047-B1AA-DEEABCB22C08}.Release|Any CPU.ActiveCfg = Release|Any CPU
		{792ECFB4-8809-4047-B1AA-DEEABCB22C08}.Release|Any CPU.Build.0 = Release|Any CPU
		{C9123A04-DFB3-472F-8243-F5D9850A33E0}.Debug|Any CPU.ActiveCfg = Debug|Any CPU
		{C9123A04-DFB3-472F-8243-F5D9850A33E0}.Debug|Any CPU.Build.0 = Debug|Any CPU
		{C9123A04-DFB3-472F-8243-F5D9850A33E0}.Release|Any CPU.ActiveCfg = Release|Any CPU
		{C9123A04-DFB3-472F-8243-F5D9850A33E0}.Release|Any CPU.Build.0 = Release|Any CPU
		{5D475E78-2BC7-48C9-A3EF-EBDBAFA93211}.Debug|Any CPU.ActiveCfg = Debug|Any CPU
		{5D475E78-2BC7-48C9-A3EF-EBDBAFA93211}.Debug|Any CPU.Build.0 = Debug|Any CPU
		{5D475E78-2BC7-48C9-A3EF-EBDBAFA93211}.Release|Any CPU.ActiveCfg = Release|Any CPU
		{5D475E78-2BC7-48C9-A3EF-EBDBAFA93211}.Release|Any CPU.Build.0 = Release|Any CPU
	EndGlobalSection
	GlobalSection(SolutionProperties) = preSolution
		HideSolutionNode = FALSE
	EndGlobalSection
EndGlobal
